<?xml version="1.0" encoding="utf-8"?>
<Project ToolsVersion="4.0" xmlns="http://schemas.microsoft.com/developer/msbuild/2003">
  <ItemGroup>
    <Filter Include="Source Files">
      <UniqueIdentifier>{4FC737F1-C7A5-4376-A066-2A32D752A2FF}</UniqueIdentifier>
      <Extensions>cpp;c;cc;cxx;def;odl;idl;hpj;bat;asm;asmx</Extensions>
    </Filter>
    <Filter Include="Header Files">
      <UniqueIdentifier>{93995380-89BD-4b04-88EB-625FBE52EBFB}</UniqueIdentifier>
      <Extensions>h;hh;hpp;hxx;hm;inl;inc;ipp;xsd</Extensions>
    </Filter>
    <Filter Include="Resource Files">
      <UniqueIdentifier>{67DA6AB6-F800-4c08-8B7A-83BB121AAD01}</UniqueIdentifier>
      <Extensions>rc;ico;cur;bmp;dlg;rc2;rct;bin;rgs;gif;jpg;jpeg;jpe;resx;tiff;tif;png;wav;mfcribbon-ms</Extensions>
    </Filter>
    <Filter Include="Source Files\ImGui">
      <UniqueIdentifier>{63076e31-4f80-4ca1-b4af-bfe9a9c359b2}</UniqueIdentifier>
    </Filter>
    <Filter Include="Header Files\ImGui">
      <UniqueIdentifier>{7e60a39e-3f7a-46ab-abac-6d25a90a2549}</UniqueIdentifier>
    </Filter>
    <Filter Include="Header Files\Utility">
      <UniqueIdentifier>{e5817b47-00d5-484e-9bc2-e710e2866fb8}</UniqueIdentifier>
    </Filter>
    <Filter Include="Source Files\Utility">
      <UniqueIdentifier>{63669b58-6f63-49e1-97b9-07d46eb4581e}</UniqueIdentifier>
    </Filter>
    <Filter Include="Header Files\UI Tabs">
      <UniqueIdentifier>{ea818bb6-75af-4e0b-905a-f046d248f0b8}</UniqueIdentifier>
    </Filter>
    <Filter Include="Source Files\UI Tabs">
      <UniqueIdentifier>{e58a2ba6-a4c1-493c-b8f1-cfd30cdb9f2d}</UniqueIdentifier>
    </Filter>
    <Filter Include="Resource Files\Fonts">
      <UniqueIdentifier>{ebbbc957-0064-40d1-88be-76ca0836bf29}</UniqueIdentifier>
    </Filter>
    <Filter Include="Resource Files\Images">
      <UniqueIdentifier>{8ae3f723-6ec2-4bcb-91ab-681181b66898}</UniqueIdentifier>
    </Filter>
    <Filter Include="Resource Files\Icons">
      <UniqueIdentifier>{d6c1bda6-6c07-43e6-ae0d-9d96d6a0d929}</UniqueIdentifier>
    </Filter>
    <Filter Include="Resource Files\Shaders">
      <UniqueIdentifier>{dc6051dc-908f-4e24-9877-e78debb9fce7}</UniqueIdentifier>
    </Filter>
    <Filter Include="Header Files\Packages_Misc">
      <UniqueIdentifier>{9fb4cf13-f304-4e2c-a64a-0fb28fa175f2}</UniqueIdentifier>
    </Filter>
    <Filter Include="Header Files\Image Libraries">
      <UniqueIdentifier>{3d9dc276-86da-47f9-beee-7572c951dd38}</UniqueIdentifier>
    </Filter>
    <Filter Include="Header Files\Image Libraries\JPEG XL">
      <UniqueIdentifier>{b68e057a-f235-4746-9d17-5c2431038e75}</UniqueIdentifier>
    </Filter>
    <Filter Include="Header Files\Image Libraries\AVIF">
      <UniqueIdentifier>{aa2b7146-a0df-4d19-a1a4-b7a46f0f796b}</UniqueIdentifier>
    </Filter>
    <Filter Include="Header Files\Image Libraries\Ultra HDR">
      <UniqueIdentifier>{63e02f49-c14d-4686-afae-bdd84df79d80}</UniqueIdentifier>
    </Filter>
    <Filter Include="Header Files\Image Libraries\OpenEXR">
      <UniqueIdentifier>{295a3518-939e-4628-be1a-4aa8a0e5db1c}</UniqueIdentifier>
    </Filter>
  </ItemGroup>
  <ItemGroup>
    <ClInclude Include="include\imgui\imconfig.h">
      <Filter>Header Files\ImGui</Filter>
    </ClInclude>
    <ClInclude Include="include\imgui\imgui.h">
      <Filter>Header Files\ImGui</Filter>
    </ClInclude>
    <ClInclude Include="include\imgui\imgui_impl_win32.h">
      <Filter>Header Files\ImGui</Filter>
    </ClInclude>
    <ClInclude Include="include\imgui\imgui_internal.h">
      <Filter>Header Files\ImGui</Filter>
    </ClInclude>
    <ClInclude Include="include\imgui\imstb_rectpack.h">
      <Filter>Header Files\ImGui</Filter>
    </ClInclude>
    <ClInclude Include="include\imgui\imstb_textedit.h">
      <Filter>Header Files\ImGui</Filter>
    </ClInclude>
    <ClInclude Include="include\imgui\imstb_truetype.h">
      <Filter>Header Files\ImGui</Filter>
    </ClInclude>
    <ClInclude Include="include\utility\sk_utility.h">
      <Filter>Header Files\Utility</Filter>
    </ClInclude>
    <ClInclude Include="include\tabs\viewer.h">
      <Filter>Header Files\UI Tabs</Filter>
    </ClInclude>
    <ClInclude Include="include\utility\fsutil.h">
      <Filter>Header Files\Utility</Filter>
    </ClInclude>
    <ClInclude Include="include\SKIV.h">
      <Filter>Header Files</Filter>
    </ClInclude>
    <ClInclude Include="resource.h">
      <Filter>Header Files</Filter>
    </ClInclude>
    <ClInclude Include="targetver.h">
      <Filter>Header Files</Filter>
    </ClInclude>
    <ClInclude Include="version.h">
      <Filter>Header Files</Filter>
    </ClInclude>
    <ClInclude Include="include\utility\utility.h">
      <Filter>Header Files\Utility</Filter>
    </ClInclude>
    <ClInclude Include="include\tabs\settings.h">
      <Filter>Header Files\UI Tabs</Filter>
    </ClInclude>
    <ClInclude Include="include\utility\vfs.h">
      <Filter>Header Files\Utility</Filter>
    </ClInclude>
    <ClInclude Include="include\utility\skif_imgui.h">
      <Filter>Header Files\Utility</Filter>
    </ClInclude>
    <ClInclude Include="include\utility\registry.h">
      <Filter>Header Files\Utility</Filter>
    </ClInclude>
    <ClInclude Include="include\utility\games.h">
      <Filter>Header Files\Utility</Filter>
    </ClInclude>
    <ClInclude Include="include\utility\updater.h">
      <Filter>Header Files\Utility</Filter>
    </ClInclude>
    <ClInclude Include="include\tabs\common_ui.h">
      <Filter>Header Files\UI Tabs</Filter>
    </ClInclude>
    <ClInclude Include="resources\fonts\fa_621.h">
      <Filter>Resource Files\Fonts</Filter>
    </ClInclude>
    <ClInclude Include="resources\fonts\fa_621b.h">
      <Filter>Resource Files\Fonts</Filter>
    </ClInclude>
    <ClInclude Include="resources\fonts\fa_brands_400.ttf.h">
      <Filter>Resource Files\Fonts</Filter>
    </ClInclude>
    <ClInclude Include="resources\fonts\fa_solid_900.ttf.h">
      <Filter>Resource Files\Fonts</Filter>
    </ClInclude>
    <ClInclude Include="resources\images\patreon.png.h">
      <Filter>Resource Files\Images</Filter>
    </ClInclude>
    <ClInclude Include="resources\images\sk_boxart.jpg.h">
      <Filter>Resource Files\Images</Filter>
    </ClInclude>
    <ClInclude Include="resources\images\sk_icon.jpg.h">
      <Filter>Resource Files\Images</Filter>
    </ClInclude>
    <ClInclude Include="packages_misc\picosha2.h">
      <Filter>Header Files\Packages_Misc</Filter>
    </ClInclude>
    <ClInclude Include="packages_misc\TextFlow.hpp">
      <Filter>Header Files\Packages_Misc</Filter>
    </ClInclude>
    <ClInclude Include="resources\images\sk_boxart2.jpg.h">
      <Filter>Resource Files\Images</Filter>
    </ClInclude>
    <ClInclude Include="resources\images\sk_boxart.png.h">
      <Filter>Resource Files\Images</Filter>
    </ClInclude>
    <ClInclude Include="packages_misc\vdf_parser.hpp">
      <Filter>Header Files\Packages_Misc</Filter>
    </ClInclude>
    <ClInclude Include="packages_misc\HybridDetect.h">
      <Filter>Header Files\Packages_Misc</Filter>
    </ClInclude>
    <ClInclude Include="include\utility\droptarget.hpp">
      <Filter>Header Files\Utility</Filter>
    </ClInclude>
    <ClInclude Include="include\utility\plog_formatter.h">
      <Filter>Header Files\Utility</Filter>
    </ClInclude>
    <ClInclude Include="include\utility\gamepad.h">
      <Filter>Header Files\Utility</Filter>
    </ClInclude>
    <ClInclude Include="include\imgui\imgui_impl_dx11.h">
      <Filter>Header Files\ImGui</Filter>
    </ClInclude>
    <ClInclude Include="packages_misc\stb_image.h">
      <Filter>Header Files\Packages_Misc</Filter>
    </ClInclude>
    <ClInclude Include="packages_misc\html_coder.hpp">
      <Filter>Header Files\Packages_Misc</Filter>
    </ClInclude>
    <ClInclude Include="packages_misc\ImGuiNotify.hpp">
      <Filter>Header Files\Packages_Misc</Filter>
    </ClInclude>
    <ClInclude Include="include\utility\image.h">
      <Filter>Header Files\Utility</Filter>
    </ClInclude>
    <ClInclude Include="include\utility\DirectXTexEXR.h">
      <Filter>Header Files\Packages_Misc</Filter>
    </ClInclude>
    <ClInclude Include="include\jxl\cms.h">
      <Filter>Header Files\Image Libraries\JPEG XL</Filter>
    </ClInclude>
    <ClInclude Include="include\jxl\cms_interface.h">
      <Filter>Header Files\Image Libraries\JPEG XL</Filter>
    </ClInclude>
    <ClInclude Include="include\jxl\codestream_header.h">
      <Filter>Header Files\Image Libraries\JPEG XL</Filter>
    </ClInclude>
    <ClInclude Include="include\jxl\color_encoding.h">
      <Filter>Header Files\Image Libraries\JPEG XL</Filter>
    </ClInclude>
    <ClInclude Include="include\jxl\compressed_icc.h">
      <Filter>Header Files\Image Libraries\JPEG XL</Filter>
    </ClInclude>
    <ClInclude Include="include\jxl\decode.h">
      <Filter>Header Files\Image Libraries\JPEG XL</Filter>
    </ClInclude>
    <ClInclude Include="include\jxl\decode_cxx.h">
      <Filter>Header Files\Image Libraries\JPEG XL</Filter>
    </ClInclude>
    <ClInclude Include="include\jxl\encode.h">
      <Filter>Header Files\Image Libraries\JPEG XL</Filter>
    </ClInclude>
    <ClInclude Include="include\jxl\encode_cxx.h">
      <Filter>Header Files\Image Libraries\JPEG XL</Filter>
    </ClInclude>
    <ClInclude Include="include\jxl\gain_map.h">
      <Filter>Header Files\Image Libraries\JPEG XL</Filter>
    </ClInclude>
    <ClInclude Include="include\jxl\memory_manager.h">
      <Filter>Header Files\Image Libraries\JPEG XL</Filter>
    </ClInclude>
    <ClInclude Include="include\jxl\parallel_runner.h">
      <Filter>Header Files\Image Libraries\JPEG XL</Filter>
    </ClInclude>
    <ClInclude Include="include\jxl\resizable_parallel_runner.h">
      <Filter>Header Files\Image Libraries\JPEG XL</Filter>
    </ClInclude>
    <ClInclude Include="include\jxl\resizable_parallel_runner_cxx.h">
      <Filter>Header Files\Image Libraries\JPEG XL</Filter>
    </ClInclude>
    <ClInclude Include="include\jxl\stats.h">
      <Filter>Header Files\Image Libraries\JPEG XL</Filter>
    </ClInclude>
    <ClInclude Include="include\jxl\thread_parallel_runner.h">
      <Filter>Header Files\Image Libraries\JPEG XL</Filter>
    </ClInclude>
    <ClInclude Include="include\jxl\thread_parallel_runner_cxx.h">
      <Filter>Header Files\Image Libraries\JPEG XL</Filter>
    </ClInclude>
    <ClInclude Include="include\jxl\types.h">
      <Filter>Header Files\Image Libraries\JPEG XL</Filter>
    </ClInclude>
    <ClInclude Include="include\avif\internal.h">
      <Filter>Header Files\Image Libraries\AVIF</Filter>
    </ClInclude>
    <ClInclude Include="include\avif\avif.h">
      <Filter>Header Files\Image Libraries\AVIF</Filter>
    </ClInclude>
    <ClInclude Include="include\ultrahdr\editorhelper.h">
      <Filter>Header Files\Image Libraries\Ultra HDR</Filter>
    </ClInclude>
    <ClInclude Include="include\ultrahdr\gainmapmath.h">
      <Filter>Header Files\Image Libraries\Ultra HDR</Filter>
    </ClInclude>
    <ClInclude Include="include\ultrahdr\gainmapmetadata.h">
      <Filter>Header Files\Image Libraries\Ultra HDR</Filter>
    </ClInclude>
    <ClInclude Include="include\ultrahdr\icc.h">
      <Filter>Header Files\Image Libraries\Ultra HDR</Filter>
    </ClInclude>
    <ClInclude Include="include\ultrahdr\jpegdecoderhelper.h">
      <Filter>Header Files\Image Libraries\Ultra HDR</Filter>
    </ClInclude>
    <ClInclude Include="include\ultrahdr\jpegencoderhelper.h">
      <Filter>Header Files\Image Libraries\Ultra HDR</Filter>
    </ClInclude>
    <ClInclude Include="include\ultrahdr\jpegr.h">
      <Filter>Header Files\Image Libraries\Ultra HDR</Filter>
    </ClInclude>
    <ClInclude Include="include\ultrahdr\jpegrutils.h">
      <Filter>Header Files\Image Libraries\Ultra HDR</Filter>
    </ClInclude>
    <ClInclude Include="include\ultrahdr\multipictureformat.h">
      <Filter>Header Files\Image Libraries\Ultra HDR</Filter>
    </ClInclude>
    <ClInclude Include="include\ultrahdr\ultrahdr.h">
      <Filter>Header Files\Image Libraries\Ultra HDR</Filter>
    </ClInclude>
    <ClInclude Include="include\ultrahdr\ultrahdr_api.h">
      <Filter>Header Files\Image Libraries\Ultra HDR</Filter>
    </ClInclude>
    <ClInclude Include="include\ultrahdr\ultrahdrcommon.h">
      <Filter>Header Files\Image Libraries\Ultra HDR</Filter>
    </ClInclude>
    <ClInclude Include="packages\openexr-msvc-x64.2.3.0.8788\build\native\include\OpenEXR\half.h">
      <Filter>Header Files\Image Libraries\OpenEXR</Filter>
    </ClInclude>
    <ClInclude Include="packages\openexr-msvc-x64.2.3.0.8788\build\native\include\OpenEXR\halfExport.h">
      <Filter>Header Files\Image Libraries\OpenEXR</Filter>
    </ClInclude>
    <ClInclude Include="packages\openexr-msvc-x64.2.3.0.8788\build\native\include\OpenEXR\halfFunction.h">
      <Filter>Header Files\Image Libraries\OpenEXR</Filter>
    </ClInclude>
    <ClInclude Include="packages\openexr-msvc-x64.2.3.0.8788\build\native\include\OpenEXR\halfLimits.h">
      <Filter>Header Files\Image Libraries\OpenEXR</Filter>
    </ClInclude>
    <ClInclude Include="packages\openexr-msvc-x64.2.3.0.8788\build\native\include\OpenEXR\Iex.h">
      <Filter>Header Files\Image Libraries\OpenEXR</Filter>
    </ClInclude>
    <ClInclude Include="packages\openexr-msvc-x64.2.3.0.8788\build\native\include\OpenEXR\IexBaseExc.h">
      <Filter>Header Files\Image Libraries\OpenEXR</Filter>
    </ClInclude>
    <ClInclude Include="packages\openexr-msvc-x64.2.3.0.8788\build\native\include\OpenEXR\IexErrnoExc.h">
      <Filter>Header Files\Image Libraries\OpenEXR</Filter>
    </ClInclude>
    <ClInclude Include="packages\openexr-msvc-x64.2.3.0.8788\build\native\include\OpenEXR\IexExport.h">
      <Filter>Header Files\Image Libraries\OpenEXR</Filter>
    </ClInclude>
    <ClInclude Include="packages\openexr-msvc-x64.2.3.0.8788\build\native\include\OpenEXR\IexForward.h">
      <Filter>Header Files\Image Libraries\OpenEXR</Filter>
    </ClInclude>
    <ClInclude Include="packages\openexr-msvc-x64.2.3.0.8788\build\native\include\OpenEXR\IexMacros.h">
      <Filter>Header Files\Image Libraries\OpenEXR</Filter>
    </ClInclude>
    <ClInclude Include="packages\openexr-msvc-x64.2.3.0.8788\build\native\include\OpenEXR\IexMathExc.h">
      <Filter>Header Files\Image Libraries\OpenEXR</Filter>
    </ClInclude>
    <ClInclude Include="packages\openexr-msvc-x64.2.3.0.8788\build\native\include\OpenEXR\IexMathFloatExc.h">
      <Filter>Header Files\Image Libraries\OpenEXR</Filter>
    </ClInclude>
    <ClInclude Include="packages\openexr-msvc-x64.2.3.0.8788\build\native\include\OpenEXR\IexMathFpu.h">
      <Filter>Header Files\Image Libraries\OpenEXR</Filter>
    </ClInclude>
    <ClInclude Include="packages\openexr-msvc-x64.2.3.0.8788\build\native\include\OpenEXR\IexMathIeeeExc.h">
      <Filter>Header Files\Image Libraries\OpenEXR</Filter>
    </ClInclude>
    <ClInclude Include="packages\openexr-msvc-x64.2.3.0.8788\build\native\include\OpenEXR\IexNamespace.h">
      <Filter>Header Files\Image Libraries\OpenEXR</Filter>
    </ClInclude>
    <ClInclude Include="packages\openexr-msvc-x64.2.3.0.8788\build\native\include\OpenEXR\IexThrowErrnoExc.h">
      <Filter>Header Files\Image Libraries\OpenEXR</Filter>
    </ClInclude>
    <ClInclude Include="packages\openexr-msvc-x64.2.3.0.8788\build\native\include\OpenEXR\IlmBaseConfig.h">
      <Filter>Header Files\Image Libraries\OpenEXR</Filter>
    </ClInclude>
    <ClInclude Include="packages\openexr-msvc-x64.2.3.0.8788\build\native\include\OpenEXR\IlmThread.h">
      <Filter>Header Files\Image Libraries\OpenEXR</Filter>
    </ClInclude>
    <ClInclude Include="packages\openexr-msvc-x64.2.3.0.8788\build\native\include\OpenEXR\IlmThreadExport.h">
      <Filter>Header Files\Image Libraries\OpenEXR</Filter>
    </ClInclude>
    <ClInclude Include="packages\openexr-msvc-x64.2.3.0.8788\build\native\include\OpenEXR\IlmThreadForward.h">
      <Filter>Header Files\Image Libraries\OpenEXR</Filter>
    </ClInclude>
    <ClInclude Include="packages\openexr-msvc-x64.2.3.0.8788\build\native\include\OpenEXR\IlmThreadMutex.h">
      <Filter>Header Files\Image Libraries\OpenEXR</Filter>
    </ClInclude>
    <ClInclude Include="packages\openexr-msvc-x64.2.3.0.8788\build\native\include\OpenEXR\IlmThreadNamespace.h">
      <Filter>Header Files\Image Libraries\OpenEXR</Filter>
    </ClInclude>
    <ClInclude Include="packages\openexr-msvc-x64.2.3.0.8788\build\native\include\OpenEXR\IlmThreadPool.h">
      <Filter>Header Files\Image Libraries\OpenEXR</Filter>
    </ClInclude>
    <ClInclude Include="packages\openexr-msvc-x64.2.3.0.8788\build\native\include\OpenEXR\IlmThreadSemaphore.h">
      <Filter>Header Files\Image Libraries\OpenEXR</Filter>
    </ClInclude>
    <ClInclude Include="packages\openexr-msvc-x64.2.3.0.8788\build\native\include\OpenEXR\ImathBox.h">
      <Filter>Header Files\Image Libraries\OpenEXR</Filter>
    </ClInclude>
    <ClInclude Include="packages\openexr-msvc-x64.2.3.0.8788\build\native\include\OpenEXR\ImathBoxAlgo.h">
      <Filter>Header Files\Image Libraries\OpenEXR</Filter>
    </ClInclude>
    <ClInclude Include="packages\openexr-msvc-x64.2.3.0.8788\build\native\include\OpenEXR\ImathColor.h">
      <Filter>Header Files\Image Libraries\OpenEXR</Filter>
    </ClInclude>
    <ClInclude Include="packages\openexr-msvc-x64.2.3.0.8788\build\native\include\OpenEXR\ImathColorAlgo.h">
      <Filter>Header Files\Image Libraries\OpenEXR</Filter>
    </ClInclude>
    <ClInclude Include="packages\openexr-msvc-x64.2.3.0.8788\build\native\include\OpenEXR\ImathEuler.h">
      <Filter>Header Files\Image Libraries\OpenEXR</Filter>
    </ClInclude>
    <ClInclude Include="packages\openexr-msvc-x64.2.3.0.8788\build\native\include\OpenEXR\ImathExc.h">
      <Filter>Header Files\Image Libraries\OpenEXR</Filter>
    </ClInclude>
    <ClInclude Include="packages\openexr-msvc-x64.2.3.0.8788\build\native\include\OpenEXR\ImathExport.h">
      <Filter>Header Files\Image Libraries\OpenEXR</Filter>
    </ClInclude>
    <ClInclude Include="packages\openexr-msvc-x64.2.3.0.8788\build\native\include\OpenEXR\ImathForward.h">
      <Filter>Header Files\Image Libraries\OpenEXR</Filter>
    </ClInclude>
    <ClInclude Include="packages\openexr-msvc-x64.2.3.0.8788\build\native\include\OpenEXR\ImathFrame.h">
      <Filter>Header Files\Image Libraries\OpenEXR</Filter>
    </ClInclude>
    <ClInclude Include="packages\openexr-msvc-x64.2.3.0.8788\build\native\include\OpenEXR\ImathFrustum.h">
      <Filter>Header Files\Image Libraries\OpenEXR</Filter>
    </ClInclude>
    <ClInclude Include="packages\openexr-msvc-x64.2.3.0.8788\build\native\include\OpenEXR\ImathFrustumTest.h">
      <Filter>Header Files\Image Libraries\OpenEXR</Filter>
    </ClInclude>
    <ClInclude Include="packages\openexr-msvc-x64.2.3.0.8788\build\native\include\OpenEXR\ImathFun.h">
      <Filter>Header Files\Image Libraries\OpenEXR</Filter>
    </ClInclude>
    <ClInclude Include="packages\openexr-msvc-x64.2.3.0.8788\build\native\include\OpenEXR\ImathGL.h">
      <Filter>Header Files\Image Libraries\OpenEXR</Filter>
    </ClInclude>
    <ClInclude Include="packages\openexr-msvc-x64.2.3.0.8788\build\native\include\OpenEXR\ImathGLU.h">
      <Filter>Header Files\Image Libraries\OpenEXR</Filter>
    </ClInclude>
    <ClInclude Include="packages\openexr-msvc-x64.2.3.0.8788\build\native\include\OpenEXR\ImathHalfLimits.h">
      <Filter>Header Files\Image Libraries\OpenEXR</Filter>
    </ClInclude>
    <ClInclude Include="packages\openexr-msvc-x64.2.3.0.8788\build\native\include\OpenEXR\ImathInt64.h">
      <Filter>Header Files\Image Libraries\OpenEXR</Filter>
    </ClInclude>
    <ClInclude Include="packages\openexr-msvc-x64.2.3.0.8788\build\native\include\OpenEXR\ImathInterval.h">
      <Filter>Header Files\Image Libraries\OpenEXR</Filter>
    </ClInclude>
    <ClInclude Include="packages\openexr-msvc-x64.2.3.0.8788\build\native\include\OpenEXR\ImathLimits.h">
      <Filter>Header Files\Image Libraries\OpenEXR</Filter>
    </ClInclude>
    <ClInclude Include="packages\openexr-msvc-x64.2.3.0.8788\build\native\include\OpenEXR\ImathLine.h">
      <Filter>Header Files\Image Libraries\OpenEXR</Filter>
    </ClInclude>
    <ClInclude Include="packages\openexr-msvc-x64.2.3.0.8788\build\native\include\OpenEXR\ImathLineAlgo.h">
      <Filter>Header Files\Image Libraries\OpenEXR</Filter>
    </ClInclude>
    <ClInclude Include="packages\openexr-msvc-x64.2.3.0.8788\build\native\include\OpenEXR\ImathMath.h">
      <Filter>Header Files\Image Libraries\OpenEXR</Filter>
    </ClInclude>
    <ClInclude Include="packages\openexr-msvc-x64.2.3.0.8788\build\native\include\OpenEXR\ImathMatrix.h">
      <Filter>Header Files\Image Libraries\OpenEXR</Filter>
    </ClInclude>
    <ClInclude Include="packages\openexr-msvc-x64.2.3.0.8788\build\native\include\OpenEXR\ImathMatrixAlgo.h">
      <Filter>Header Files\Image Libraries\OpenEXR</Filter>
    </ClInclude>
    <ClInclude Include="packages\openexr-msvc-x64.2.3.0.8788\build\native\include\OpenEXR\ImathNamespace.h">
      <Filter>Header Files\Image Libraries\OpenEXR</Filter>
    </ClInclude>
    <ClInclude Include="packages\openexr-msvc-x64.2.3.0.8788\build\native\include\OpenEXR\ImathPlane.h">
      <Filter>Header Files\Image Libraries\OpenEXR</Filter>
    </ClInclude>
    <ClInclude Include="packages\openexr-msvc-x64.2.3.0.8788\build\native\include\OpenEXR\ImathPlatform.h">
      <Filter>Header Files\Image Libraries\OpenEXR</Filter>
    </ClInclude>
    <ClInclude Include="packages\openexr-msvc-x64.2.3.0.8788\build\native\include\OpenEXR\ImathQuat.h">
      <Filter>Header Files\Image Libraries\OpenEXR</Filter>
    </ClInclude>
    <ClInclude Include="packages\openexr-msvc-x64.2.3.0.8788\build\native\include\OpenEXR\ImathRandom.h">
      <Filter>Header Files\Image Libraries\OpenEXR</Filter>
    </ClInclude>
    <ClInclude Include="packages\openexr-msvc-x64.2.3.0.8788\build\native\include\OpenEXR\ImathRoots.h">
      <Filter>Header Files\Image Libraries\OpenEXR</Filter>
    </ClInclude>
    <ClInclude Include="packages\openexr-msvc-x64.2.3.0.8788\build\native\include\OpenEXR\ImathShear.h">
      <Filter>Header Files\Image Libraries\OpenEXR</Filter>
    </ClInclude>
    <ClInclude Include="packages\openexr-msvc-x64.2.3.0.8788\build\native\include\OpenEXR\ImathSphere.h">
      <Filter>Header Files\Image Libraries\OpenEXR</Filter>
    </ClInclude>
    <ClInclude Include="packages\openexr-msvc-x64.2.3.0.8788\build\native\include\OpenEXR\ImathVec.h">
      <Filter>Header Files\Image Libraries\OpenEXR</Filter>
    </ClInclude>
    <ClInclude Include="packages\openexr-msvc-x64.2.3.0.8788\build\native\include\OpenEXR\ImathVecAlgo.h">
      <Filter>Header Files\Image Libraries\OpenEXR</Filter>
    </ClInclude>
    <ClInclude Include="packages\openexr-msvc-x64.2.3.0.8788\build\native\include\OpenEXR\ImfAcesFile.h">
      <Filter>Header Files\Image Libraries\OpenEXR</Filter>
    </ClInclude>
    <ClInclude Include="packages\openexr-msvc-x64.2.3.0.8788\build\native\include\OpenEXR\ImfArray.h">
      <Filter>Header Files\Image Libraries\OpenEXR</Filter>
    </ClInclude>
    <ClInclude Include="packages\openexr-msvc-x64.2.3.0.8788\build\native\include\OpenEXR\ImfAttribute.h">
      <Filter>Header Files\Image Libraries\OpenEXR</Filter>
    </ClInclude>
    <ClInclude Include="packages\openexr-msvc-x64.2.3.0.8788\build\native\include\OpenEXR\ImfB44Compressor.h">
      <Filter>Header Files\Image Libraries\OpenEXR</Filter>
    </ClInclude>
    <ClInclude Include="packages\openexr-msvc-x64.2.3.0.8788\build\native\include\OpenEXR\ImfBoxAttribute.h">
      <Filter>Header Files\Image Libraries\OpenEXR</Filter>
    </ClInclude>
    <ClInclude Include="packages\openexr-msvc-x64.2.3.0.8788\build\native\include\OpenEXR\ImfChannelList.h">
      <Filter>Header Files\Image Libraries\OpenEXR</Filter>
    </ClInclude>
    <ClInclude Include="packages\openexr-msvc-x64.2.3.0.8788\build\native\include\OpenEXR\ImfChannelListAttribute.h">
      <Filter>Header Files\Image Libraries\OpenEXR</Filter>
    </ClInclude>
    <ClInclude Include="packages\openexr-msvc-x64.2.3.0.8788\build\native\include\OpenEXR\ImfChromaticities.h">
      <Filter>Header Files\Image Libraries\OpenEXR</Filter>
    </ClInclude>
    <ClInclude Include="packages\openexr-msvc-x64.2.3.0.8788\build\native\include\OpenEXR\ImfChromaticitiesAttribute.h">
      <Filter>Header Files\Image Libraries\OpenEXR</Filter>
    </ClInclude>
    <ClInclude Include="packages\openexr-msvc-x64.2.3.0.8788\build\native\include\OpenEXR\ImfCompositeDeepScanLine.h">
      <Filter>Header Files\Image Libraries\OpenEXR</Filter>
    </ClInclude>
    <ClInclude Include="packages\openexr-msvc-x64.2.3.0.8788\build\native\include\OpenEXR\ImfCompression.h">
      <Filter>Header Files\Image Libraries\OpenEXR</Filter>
    </ClInclude>
    <ClInclude Include="packages\openexr-msvc-x64.2.3.0.8788\build\native\include\OpenEXR\ImfCompressionAttribute.h">
      <Filter>Header Files\Image Libraries\OpenEXR</Filter>
    </ClInclude>
    <ClInclude Include="packages\openexr-msvc-x64.2.3.0.8788\build\native\include\OpenEXR\ImfConvert.h">
      <Filter>Header Files\Image Libraries\OpenEXR</Filter>
    </ClInclude>
    <ClInclude Include="packages\openexr-msvc-x64.2.3.0.8788\build\native\include\OpenEXR\ImfCRgbaFile.h">
      <Filter>Header Files\Image Libraries\OpenEXR</Filter>
    </ClInclude>
    <ClInclude Include="packages\openexr-msvc-x64.2.3.0.8788\build\native\include\OpenEXR\ImfDeepCompositing.h">
      <Filter>Header Files\Image Libraries\OpenEXR</Filter>
    </ClInclude>
    <ClInclude Include="packages\openexr-msvc-x64.2.3.0.8788\build\native\include\OpenEXR\ImfDeepFrameBuffer.h">
      <Filter>Header Files\Image Libraries\OpenEXR</Filter>
    </ClInclude>
    <ClInclude Include="packages\openexr-msvc-x64.2.3.0.8788\build\native\include\OpenEXR\ImfDeepImage.h">
      <Filter>Header Files\Image Libraries\OpenEXR</Filter>
    </ClInclude>
    <ClInclude Include="packages\openexr-msvc-x64.2.3.0.8788\build\native\include\OpenEXR\ImfDeepImageChannel.h">
      <Filter>Header Files\Image Libraries\OpenEXR</Filter>
    </ClInclude>
    <ClInclude Include="packages\openexr-msvc-x64.2.3.0.8788\build\native\include\OpenEXR\ImfDeepImageIO.h">
      <Filter>Header Files\Image Libraries\OpenEXR</Filter>
    </ClInclude>
    <ClInclude Include="packages\openexr-msvc-x64.2.3.0.8788\build\native\include\OpenEXR\ImfDeepImageLevel.h">
      <Filter>Header Files\Image Libraries\OpenEXR</Filter>
    </ClInclude>
    <ClInclude Include="packages\openexr-msvc-x64.2.3.0.8788\build\native\include\OpenEXR\ImfDeepImageState.h">
      <Filter>Header Files\Image Libraries\OpenEXR</Filter>
    </ClInclude>
    <ClInclude Include="packages\openexr-msvc-x64.2.3.0.8788\build\native\include\OpenEXR\ImfDeepImageStateAttribute.h">
      <Filter>Header Files\Image Libraries\OpenEXR</Filter>
    </ClInclude>
    <ClInclude Include="packages\openexr-msvc-x64.2.3.0.8788\build\native\include\OpenEXR\ImfDeepScanLineInputFile.h">
      <Filter>Header Files\Image Libraries\OpenEXR</Filter>
    </ClInclude>
    <ClInclude Include="packages\openexr-msvc-x64.2.3.0.8788\build\native\include\OpenEXR\ImfDeepScanLineInputPart.h">
      <Filter>Header Files\Image Libraries\OpenEXR</Filter>
    </ClInclude>
    <ClInclude Include="packages\openexr-msvc-x64.2.3.0.8788\build\native\include\OpenEXR\ImfDeepScanLineOutputFile.h">
      <Filter>Header Files\Image Libraries\OpenEXR</Filter>
    </ClInclude>
    <ClInclude Include="packages\openexr-msvc-x64.2.3.0.8788\build\native\include\OpenEXR\ImfDeepScanLineOutputPart.h">
      <Filter>Header Files\Image Libraries\OpenEXR</Filter>
    </ClInclude>
    <ClInclude Include="packages\openexr-msvc-x64.2.3.0.8788\build\native\include\OpenEXR\ImfDeepTiledInputFile.h">
      <Filter>Header Files\Image Libraries\OpenEXR</Filter>
    </ClInclude>
    <ClInclude Include="packages\openexr-msvc-x64.2.3.0.8788\build\native\include\OpenEXR\ImfDeepTiledInputPart.h">
      <Filter>Header Files\Image Libraries\OpenEXR</Filter>
    </ClInclude>
    <ClInclude Include="packages\openexr-msvc-x64.2.3.0.8788\build\native\include\OpenEXR\ImfDeepTiledOutputFile.h">
      <Filter>Header Files\Image Libraries\OpenEXR</Filter>
    </ClInclude>
    <ClInclude Include="packages\openexr-msvc-x64.2.3.0.8788\build\native\include\OpenEXR\ImfDeepTiledOutputPart.h">
      <Filter>Header Files\Image Libraries\OpenEXR</Filter>
    </ClInclude>
    <ClInclude Include="packages\openexr-msvc-x64.2.3.0.8788\build\native\include\OpenEXR\ImfDoubleAttribute.h">
      <Filter>Header Files\Image Libraries\OpenEXR</Filter>
    </ClInclude>
    <ClInclude Include="packages\openexr-msvc-x64.2.3.0.8788\build\native\include\OpenEXR\ImfEnvmap.h">
      <Filter>Header Files\Image Libraries\OpenEXR</Filter>
    </ClInclude>
    <ClInclude Include="packages\openexr-msvc-x64.2.3.0.8788\build\native\include\OpenEXR\ImfEnvmapAttribute.h">
      <Filter>Header Files\Image Libraries\OpenEXR</Filter>
    </ClInclude>
    <ClInclude Include="packages\openexr-msvc-x64.2.3.0.8788\build\native\include\OpenEXR\ImfExport.h">
      <Filter>Header Files\Image Libraries\OpenEXR</Filter>
    </ClInclude>
    <ClInclude Include="packages\openexr-msvc-x64.2.3.0.8788\build\native\include\OpenEXR\ImfFlatImage.h">
      <Filter>Header Files\Image Libraries\OpenEXR</Filter>
    </ClInclude>
    <ClInclude Include="packages\openexr-msvc-x64.2.3.0.8788\build\native\include\OpenEXR\ImfFlatImageChannel.h">
      <Filter>Header Files\Image Libraries\OpenEXR</Filter>
    </ClInclude>
    <ClInclude Include="packages\openexr-msvc-x64.2.3.0.8788\build\native\include\OpenEXR\ImfFlatImageIO.h">
      <Filter>Header Files\Image Libraries\OpenEXR</Filter>
    </ClInclude>
    <ClInclude Include="packages\openexr-msvc-x64.2.3.0.8788\build\native\include\OpenEXR\ImfFlatImageLevel.h">
      <Filter>Header Files\Image Libraries\OpenEXR</Filter>
    </ClInclude>
    <ClInclude Include="packages\openexr-msvc-x64.2.3.0.8788\build\native\include\OpenEXR\ImfFloatAttribute.h">
      <Filter>Header Files\Image Libraries\OpenEXR</Filter>
    </ClInclude>
    <ClInclude Include="packages\openexr-msvc-x64.2.3.0.8788\build\native\include\OpenEXR\ImfFloatVectorAttribute.h">
      <Filter>Header Files\Image Libraries\OpenEXR</Filter>
    </ClInclude>
    <ClInclude Include="packages\openexr-msvc-x64.2.3.0.8788\build\native\include\OpenEXR\ImfForward.h">
      <Filter>Header Files\Image Libraries\OpenEXR</Filter>
    </ClInclude>
    <ClInclude Include="packages\openexr-msvc-x64.2.3.0.8788\build\native\include\OpenEXR\ImfFrameBuffer.h">
      <Filter>Header Files\Image Libraries\OpenEXR</Filter>
    </ClInclude>
    <ClInclude Include="packages\openexr-msvc-x64.2.3.0.8788\build\native\include\OpenEXR\ImfFramesPerSecond.h">
      <Filter>Header Files\Image Libraries\OpenEXR</Filter>
    </ClInclude>
    <ClInclude Include="packages\openexr-msvc-x64.2.3.0.8788\build\native\include\OpenEXR\ImfGenericInputFile.h">
      <Filter>Header Files\Image Libraries\OpenEXR</Filter>
    </ClInclude>
    <ClInclude Include="packages\openexr-msvc-x64.2.3.0.8788\build\native\include\OpenEXR\ImfGenericOutputFile.h">
      <Filter>Header Files\Image Libraries\OpenEXR</Filter>
    </ClInclude>
    <ClInclude Include="packages\openexr-msvc-x64.2.3.0.8788\build\native\include\OpenEXR\ImfHeader.h">
      <Filter>Header Files\Image Libraries\OpenEXR</Filter>
    </ClInclude>
    <ClInclude Include="packages\openexr-msvc-x64.2.3.0.8788\build\native\include\OpenEXR\ImfHuf.h">
      <Filter>Header Files\Image Libraries\OpenEXR</Filter>
    </ClInclude>
    <ClInclude Include="packages\openexr-msvc-x64.2.3.0.8788\build\native\include\OpenEXR\ImfImage.h">
      <Filter>Header Files\Image Libraries\OpenEXR</Filter>
    </ClInclude>
    <ClInclude Include="packages\openexr-msvc-x64.2.3.0.8788\build\native\include\OpenEXR\ImfImageChannel.h">
      <Filter>Header Files\Image Libraries\OpenEXR</Filter>
    </ClInclude>
    <ClInclude Include="packages\openexr-msvc-x64.2.3.0.8788\build\native\include\OpenEXR\ImfImageChannelRenaming.h">
      <Filter>Header Files\Image Libraries\OpenEXR</Filter>
    </ClInclude>
    <ClInclude Include="packages\openexr-msvc-x64.2.3.0.8788\build\native\include\OpenEXR\ImfImageDataWindow.h">
      <Filter>Header Files\Image Libraries\OpenEXR</Filter>
    </ClInclude>
    <ClInclude Include="packages\openexr-msvc-x64.2.3.0.8788\build\native\include\OpenEXR\ImfImageIO.h">
      <Filter>Header Files\Image Libraries\OpenEXR</Filter>
    </ClInclude>
    <ClInclude Include="packages\openexr-msvc-x64.2.3.0.8788\build\native\include\OpenEXR\ImfImageLevel.h">
      <Filter>Header Files\Image Libraries\OpenEXR</Filter>
    </ClInclude>
    <ClInclude Include="packages\openexr-msvc-x64.2.3.0.8788\build\native\include\OpenEXR\ImfInputFile.h">
      <Filter>Header Files\Image Libraries\OpenEXR</Filter>
    </ClInclude>
    <ClInclude Include="packages\openexr-msvc-x64.2.3.0.8788\build\native\include\OpenEXR\ImfInputPart.h">
      <Filter>Header Files\Image Libraries\OpenEXR</Filter>
    </ClInclude>
    <ClInclude Include="packages\openexr-msvc-x64.2.3.0.8788\build\native\include\OpenEXR\ImfInt64.h">
      <Filter>Header Files\Image Libraries\OpenEXR</Filter>
    </ClInclude>
    <ClInclude Include="packages\openexr-msvc-x64.2.3.0.8788\build\native\include\OpenEXR\ImfIntAttribute.h">
      <Filter>Header Files\Image Libraries\OpenEXR</Filter>
    </ClInclude>
    <ClInclude Include="packages\openexr-msvc-x64.2.3.0.8788\build\native\include\OpenEXR\ImfIO.h">
      <Filter>Header Files\Image Libraries\OpenEXR</Filter>
    </ClInclude>
    <ClInclude Include="packages\openexr-msvc-x64.2.3.0.8788\build\native\include\OpenEXR\ImfKeyCode.h">
      <Filter>Header Files\Image Libraries\OpenEXR</Filter>
    </ClInclude>
    <ClInclude Include="packages\openexr-msvc-x64.2.3.0.8788\build\native\include\OpenEXR\ImfKeyCodeAttribute.h">
      <Filter>Header Files\Image Libraries\OpenEXR</Filter>
    </ClInclude>
    <ClInclude Include="packages\openexr-msvc-x64.2.3.0.8788\build\native\include\OpenEXR\ImfLineOrder.h">
      <Filter>Header Files\Image Libraries\OpenEXR</Filter>
    </ClInclude>
    <ClInclude Include="packages\openexr-msvc-x64.2.3.0.8788\build\native\include\OpenEXR\ImfLineOrderAttribute.h">
      <Filter>Header Files\Image Libraries\OpenEXR</Filter>
    </ClInclude>
    <ClInclude Include="packages\openexr-msvc-x64.2.3.0.8788\build\native\include\OpenEXR\ImfLut.h">
      <Filter>Header Files\Image Libraries\OpenEXR</Filter>
    </ClInclude>
    <ClInclude Include="packages\openexr-msvc-x64.2.3.0.8788\build\native\include\OpenEXR\ImfMatrixAttribute.h">
      <Filter>Header Files\Image Libraries\OpenEXR</Filter>
    </ClInclude>
    <ClInclude Include="packages\openexr-msvc-x64.2.3.0.8788\build\native\include\OpenEXR\ImfMisc.h">
      <Filter>Header Files\Image Libraries\OpenEXR</Filter>
    </ClInclude>
    <ClInclude Include="packages\openexr-msvc-x64.2.3.0.8788\build\native\include\OpenEXR\ImfMultiPartInputFile.h">
      <Filter>Header Files\Image Libraries\OpenEXR</Filter>
    </ClInclude>
    <ClInclude Include="packages\openexr-msvc-x64.2.3.0.8788\build\native\include\OpenEXR\ImfMultiPartOutputFile.h">
      <Filter>Header Files\Image Libraries\OpenEXR</Filter>
    </ClInclude>
    <ClInclude Include="packages\openexr-msvc-x64.2.3.0.8788\build\native\include\OpenEXR\ImfMultiView.h">
      <Filter>Header Files\Image Libraries\OpenEXR</Filter>
    </ClInclude>
    <ClInclude Include="packages\openexr-msvc-x64.2.3.0.8788\build\native\include\OpenEXR\ImfName.h">
      <Filter>Header Files\Image Libraries\OpenEXR</Filter>
    </ClInclude>
    <ClInclude Include="packages\openexr-msvc-x64.2.3.0.8788\build\native\include\OpenEXR\ImfNamespace.h">
      <Filter>Header Files\Image Libraries\OpenEXR</Filter>
    </ClInclude>
    <ClInclude Include="packages\openexr-msvc-x64.2.3.0.8788\build\native\include\OpenEXR\ImfOpaqueAttribute.h">
      <Filter>Header Files\Image Libraries\OpenEXR</Filter>
    </ClInclude>
    <ClInclude Include="packages\openexr-msvc-x64.2.3.0.8788\build\native\include\OpenEXR\ImfOutputFile.h">
      <Filter>Header Files\Image Libraries\OpenEXR</Filter>
    </ClInclude>
    <ClInclude Include="packages\openexr-msvc-x64.2.3.0.8788\build\native\include\OpenEXR\ImfOutputPart.h">
      <Filter>Header Files\Image Libraries\OpenEXR</Filter>
    </ClInclude>
    <ClInclude Include="packages\openexr-msvc-x64.2.3.0.8788\build\native\include\OpenEXR\ImfPartHelper.h">
      <Filter>Header Files\Image Libraries\OpenEXR</Filter>
    </ClInclude>
    <ClInclude Include="packages\openexr-msvc-x64.2.3.0.8788\build\native\include\OpenEXR\ImfPartType.h">
      <Filter>Header Files\Image Libraries\OpenEXR</Filter>
    </ClInclude>
    <ClInclude Include="packages\openexr-msvc-x64.2.3.0.8788\build\native\include\OpenEXR\ImfPixelType.h">
      <Filter>Header Files\Image Libraries\OpenEXR</Filter>
    </ClInclude>
    <ClInclude Include="packages\openexr-msvc-x64.2.3.0.8788\build\native\include\OpenEXR\ImfPreviewImage.h">
      <Filter>Header Files\Image Libraries\OpenEXR</Filter>
    </ClInclude>
    <ClInclude Include="packages\openexr-msvc-x64.2.3.0.8788\build\native\include\OpenEXR\ImfPreviewImageAttribute.h">
      <Filter>Header Files\Image Libraries\OpenEXR</Filter>
    </ClInclude>
    <ClInclude Include="packages\openexr-msvc-x64.2.3.0.8788\build\native\include\OpenEXR\ImfRational.h">
      <Filter>Header Files\Image Libraries\OpenEXR</Filter>
    </ClInclude>
    <ClInclude Include="packages\openexr-msvc-x64.2.3.0.8788\build\native\include\OpenEXR\ImfRationalAttribute.h">
      <Filter>Header Files\Image Libraries\OpenEXR</Filter>
    </ClInclude>
    <ClInclude Include="packages\openexr-msvc-x64.2.3.0.8788\build\native\include\OpenEXR\ImfRgba.h">
      <Filter>Header Files\Image Libraries\OpenEXR</Filter>
    </ClInclude>
    <ClInclude Include="packages\openexr-msvc-x64.2.3.0.8788\build\native\include\OpenEXR\ImfRgbaFile.h">
      <Filter>Header Files\Image Libraries\OpenEXR</Filter>
    </ClInclude>
    <ClInclude Include="packages\openexr-msvc-x64.2.3.0.8788\build\native\include\OpenEXR\ImfRgbaYca.h">
      <Filter>Header Files\Image Libraries\OpenEXR</Filter>
    </ClInclude>
    <ClInclude Include="packages\openexr-msvc-x64.2.3.0.8788\build\native\include\OpenEXR\ImfSampleCountChannel.h">
      <Filter>Header Files\Image Libraries\OpenEXR</Filter>
    </ClInclude>
    <ClInclude Include="packages\openexr-msvc-x64.2.3.0.8788\build\native\include\OpenEXR\ImfStandardAttributes.h">
      <Filter>Header Files\Image Libraries\OpenEXR</Filter>
    </ClInclude>
    <ClInclude Include="packages\openexr-msvc-x64.2.3.0.8788\build\native\include\OpenEXR\ImfStdIO.h">
      <Filter>Header Files\Image Libraries\OpenEXR</Filter>
    </ClInclude>
    <ClInclude Include="packages\openexr-msvc-x64.2.3.0.8788\build\native\include\OpenEXR\ImfStringAttribute.h">
      <Filter>Header Files\Image Libraries\OpenEXR</Filter>
    </ClInclude>
    <ClInclude Include="packages\openexr-msvc-x64.2.3.0.8788\build\native\include\OpenEXR\ImfStringVectorAttribute.h">
      <Filter>Header Files\Image Libraries\OpenEXR</Filter>
    </ClInclude>
    <ClInclude Include="packages\openexr-msvc-x64.2.3.0.8788\build\native\include\OpenEXR\ImfTestFile.h">
      <Filter>Header Files\Image Libraries\OpenEXR</Filter>
    </ClInclude>
    <ClInclude Include="packages\openexr-msvc-x64.2.3.0.8788\build\native\include\OpenEXR\ImfThreading.h">
      <Filter>Header Files\Image Libraries\OpenEXR</Filter>
    </ClInclude>
    <ClInclude Include="packages\openexr-msvc-x64.2.3.0.8788\build\native\include\OpenEXR\ImfTileDescription.h">
      <Filter>Header Files\Image Libraries\OpenEXR</Filter>
    </ClInclude>
    <ClInclude Include="packages\openexr-msvc-x64.2.3.0.8788\build\native\include\OpenEXR\ImfTileDescriptionAttribute.h">
      <Filter>Header Files\Image Libraries\OpenEXR</Filter>
    </ClInclude>
    <ClInclude Include="packages\openexr-msvc-x64.2.3.0.8788\build\native\include\OpenEXR\ImfTiledInputFile.h">
      <Filter>Header Files\Image Libraries\OpenEXR</Filter>
    </ClInclude>
    <ClInclude Include="packages\openexr-msvc-x64.2.3.0.8788\build\native\include\OpenEXR\ImfTiledInputPart.h">
      <Filter>Header Files\Image Libraries\OpenEXR</Filter>
    </ClInclude>
    <ClInclude Include="packages\openexr-msvc-x64.2.3.0.8788\build\native\include\OpenEXR\ImfTiledOutputFile.h">
      <Filter>Header Files\Image Libraries\OpenEXR</Filter>
    </ClInclude>
    <ClInclude Include="packages\openexr-msvc-x64.2.3.0.8788\build\native\include\OpenEXR\ImfTiledOutputPart.h">
      <Filter>Header Files\Image Libraries\OpenEXR</Filter>
    </ClInclude>
    <ClInclude Include="packages\openexr-msvc-x64.2.3.0.8788\build\native\include\OpenEXR\ImfTiledRgbaFile.h">
      <Filter>Header Files\Image Libraries\OpenEXR</Filter>
    </ClInclude>
    <ClInclude Include="packages\openexr-msvc-x64.2.3.0.8788\build\native\include\OpenEXR\ImfTimeCode.h">
      <Filter>Header Files\Image Libraries\OpenEXR</Filter>
    </ClInclude>
    <ClInclude Include="packages\openexr-msvc-x64.2.3.0.8788\build\native\include\OpenEXR\ImfTimeCodeAttribute.h">
      <Filter>Header Files\Image Libraries\OpenEXR</Filter>
    </ClInclude>
    <ClInclude Include="packages\openexr-msvc-x64.2.3.0.8788\build\native\include\OpenEXR\ImfUtilExport.h">
      <Filter>Header Files\Image Libraries\OpenEXR</Filter>
    </ClInclude>
    <ClInclude Include="packages\openexr-msvc-x64.2.3.0.8788\build\native\include\OpenEXR\ImfVecAttribute.h">
      <Filter>Header Files\Image Libraries\OpenEXR</Filter>
    </ClInclude>
    <ClInclude Include="packages\openexr-msvc-x64.2.3.0.8788\build\native\include\OpenEXR\ImfVersion.h">
      <Filter>Header Files\Image Libraries\OpenEXR</Filter>
    </ClInclude>
    <ClInclude Include="packages\openexr-msvc-x64.2.3.0.8788\build\native\include\OpenEXR\ImfWav.h">
      <Filter>Header Files\Image Libraries\OpenEXR</Filter>
    </ClInclude>
    <ClInclude Include="packages\openexr-msvc-x64.2.3.0.8788\build\native\include\OpenEXR\ImfXdr.h">
      <Filter>Header Files\Image Libraries\OpenEXR</Filter>
    </ClInclude>
    <ClInclude Include="packages\openexr-msvc-x64.2.3.0.8788\build\native\include\OpenEXR\OpenEXRConfig.h">
      <Filter>Header Files\Image Libraries\OpenEXR</Filter>
    </ClInclude>
  </ItemGroup>
  <ItemGroup>
    <ClCompile Include="src\imgui\imgui.cpp">
      <Filter>Source Files\ImGui</Filter>
    </ClCompile>
    <ClCompile Include="src\imgui\imgui_draw.cpp">
      <Filter>Source Files\ImGui</Filter>
    </ClCompile>
    <ClCompile Include="src\imgui\imgui_widgets.cpp">
      <Filter>Source Files\ImGui</Filter>
    </ClCompile>
    <ClCompile Include="src\SKIV.cpp">
      <Filter>Source Files</Filter>
    </ClCompile>
    <ClCompile Include="src\tabs\viewer.cpp">
      <Filter>Source Files\UI Tabs</Filter>
    </ClCompile>
    <ClCompile Include="src\utility\fsutil.cpp">
      <Filter>Source Files\Utility</Filter>
    </ClCompile>
    <ClCompile Include="src\utility\sk_utility.cpp">
      <Filter>Source Files\Utility</Filter>
    </ClCompile>
    <ClCompile Include="src\utility\vfs.cpp">
      <Filter>Source Files\Utility</Filter>
    </ClCompile>
    <ClCompile Include="src\utility\utility.cpp">
      <Filter>Source Files\Utility</Filter>
    </ClCompile>
    <ClCompile Include="src\tabs\settings.cpp">
      <Filter>Source Files\UI Tabs</Filter>
    </ClCompile>
    <ClCompile Include="src\utility\skif_imgui.cpp">
      <Filter>Source Files\Utility</Filter>
    </ClCompile>
    <ClCompile Include="src\utility\registry.cpp">
      <Filter>Source Files\Utility</Filter>
    </ClCompile>
    <ClCompile Include="src\utility\updater.cpp">
      <Filter>Source Files\Utility</Filter>
    </ClCompile>
    <ClCompile Include="src\tabs\common_ui.cpp">
      <Filter>Source Files\UI Tabs</Filter>
    </ClCompile>
    <ClCompile Include="src\utility\gamepad.cpp">
      <Filter>Source Files\Utility</Filter>
    </ClCompile>
    <ClCompile Include="src\imgui\imgui_tables.cpp">
      <Filter>Source Files\ImGui</Filter>
    </ClCompile>
    <ClCompile Include="src\imgui\imgui_impl_dx11.cpp">
      <Filter>Source Files\ImGui</Filter>
    </ClCompile>
    <ClCompile Include="src\imgui\imgui_impl_win32.cpp">
      <Filter>Source Files\ImGui</Filter>
    </ClCompile>
    <ClCompile Include="src\utility\image.cpp">
      <Filter>Source Files\Utility</Filter>
    </ClCompile>
    <ClCompile Include="src\utility\DirectXTexEXR.cpp">
      <Filter>Source Files\Utility</Filter>
    </ClCompile>
  </ItemGroup>
  <ItemGroup>
    <ResourceCompile Include="SKIV.rc">
      <Filter>Resource Files</Filter>
    </ResourceCompile>
  </ItemGroup>
  <ItemGroup>
    <Image Include="resources\icons\SKIV.ico">
      <Filter>Resource Files\Icons</Filter>
    </Image>
  </ItemGroup>
  <ItemGroup>
    <FxCompile Include="resources\shaders\imgui_pix_shader.hlsl">
      <Filter>Resource Files\Shaders</Filter>
    </FxCompile>
    <FxCompile Include="resources\shaders\imgui_vtx_shader.hlsl">
      <Filter>Resource Files\Shaders</Filter>
    </FxCompile>
  </ItemGroup>
  <ItemGroup>
    <Manifest Include="resources\appcompat.manifest">
      <Filter>Resource Files</Filter>
    </Manifest>
  </ItemGroup>
  <ItemGroup>
    <None Include="packages.config" />
    <None Include="resources\shaders\colorspaces.hlsli">
      <Filter>Resource Files\Shaders</Filter>
    </None>
    <None Include="resources\shaders\tone_mapping.hlsli">
      <Filter>Resource Files\Shaders</Filter>
    </None>
    <None Include="resources\shaders\visualization.hlsli">
      <Filter>Resource Files\Shaders</Filter>
    </None>
    <None Include="resources\shaders\calibration.hlsli">
      <Filter>Resource Files\Shaders</Filter>
    </None>
    <None Include="post_build.bat">
      <Filter>Source Files</Filter>
    </None>
  </ItemGroup>
</Project>